
Microsoft Visual Studio Solution File, Format Version 12.00
# Visual Studio Version 17
VisualStudioVersion = 17.2.32526.322
MinimumVisualStudioVersion = 10.0.40219.1
Project("{FAE04EC0-301F-11D3-BF4B-00C04F79EFBC}") = "Semaforo", "Semaforo\Semaforo.csproj", "{B7678EE3-F440-4556-AE6F-4EEDB2CF0803}"
EndProject
Global
	GlobalSection(SolutionConfigurationPlatforms) = preSolution
		Debug|Any CPU = Debug|Any CPU
		Release|Any CPU = Release|Any CPU
	EndGlobalSection
	GlobalSection(ProjectConfigurationPlatforms) = postSolution
		{B7678EE3-F440-4556-AE6F-4EEDB2CF0803}.Debug|Any CPU.ActiveCfg = Debug|Any CPU
		{B7678EE3-F440-4556-AE6F-4EEDB2CF0803}.Debug|Any CPU.Build.0 = Debug|Any CPU
		{B7678EE3-F440-4556-AE6F-4EEDB2CF0803}.Release|Any CPU.ActiveCfg = Release|Any CPU
		{B7678EE3-F440-4556-AE6F-4EEDB2CF0803}.Release|Any CPU.Build.0 = Release|Any CPU
	EndGlobalSection
	GlobalSection(SolutionProperties) = preSolution
		HideSolutionNode = FALSE
	EndGlobalSection
	GlobalSection(ExtensibilityGlobals) = postSolution
		SolutionGuid = {8E2AA085-A4EF-4537-A2C3-E6E51AEC213F}
	EndGlobalSection
EndGlobal
